
Microsoft Visual Studio Solution File, Format Version 12.00
# Visual Studio Version 17
VisualStudioVersion = 17.0.31919.166
MinimumVisualStudioVersion = 10.0.40219.1
Project("{9A19103F-16F7-4668-BE54-9A1E7A4F7556}") = "PersonnelManagement.Application", "PersonnelManagementApp\PersonnelManagement.Application.csproj", "{891EB924-5441-4A34-A4C6-748A25721A2B}"
EndProject
Project("{9A19103F-16F7-4668-BE54-9A1E7A4F7556}") = "PersonnelManagement.Domain", "PersonnelManagement.Domain\PersonnelManagement.Domain.csproj", "{02A4F454-EE69-4753-9B12-4C38F4EBC9B5}"
EndProject
Project("{9A19103F-16F7-4668-BE54-9A1E7A4F7556}") = "PersonnelManagement.Infrastracture", "PersonnelManagement.Infrastracture\PersonnelManagement.Infrastracture.csproj", "{23B8D8AD-AEF2-405E-8193-7849C818C910}"
EndProject
Project("{2150E333-8FDC-42A3-9474-1A3956D46DE8}") = "src", "src", "{33D97AB1-2BEB-4037-9FBC-19B53252B22B}"
EndProject
Project("{2150E333-8FDC-42A3-9474-1A3956D46DE8}") = "tests", "tests", "{A6122470-0373-4793-B454-F9C095A98A35}"
EndProject
Project("{9A19103F-16F7-4668-BE54-9A1E7A4F7556}") = "PersonnelManagement.UnitTests", "PersonnelManagement.UnitTests\PersonnelManagement.UnitTests.csproj", "{1B4A4D73-151A-41DC-8981-488DB106698A}"
EndProject
Project("{9A19103F-16F7-4668-BE54-9A1E7A4F7556}") = "PersonnelManagement.Server", "PersonnelManagement.Api\PersonnelManagement.Server.csproj", "{B34999E3-8D99-4D08-939C-3E99A5F69DBF}"
EndProject
Project("{9A19103F-16F7-4668-BE54-9A1E7A4F7556}") = "PersonnelManagement.Contracts", "PersonnelManagement.Contracts\PersonnelManagement.Contracts.csproj", "{77800F4C-68CB-4BF9-8B20-D6ABD0A8546A}"
EndProject
Project("{2150E333-8FDC-42A3-9474-1A3956D46DE8}") = "Web", "Web", "{29A6B319-5BCB-41B7-B0D8-0C80E40E33DD}"
EndProject
Project("{2150E333-8FDC-42A3-9474-1A3956D46DE8}") = "Core", "Core", "{9DB0530D-D1E5-49E3-9CF8-8DFAF82D941F}"
EndProject
Project("{2150E333-8FDC-42A3-9474-1A3956D46DE8}") = "Infrastructure", "Infrastructure", "{D7B5F152-8A77-48C1-8EEE-D146A1BCE48E}"
EndProject
Project("{9A19103F-16F7-4668-BE54-9A1E7A4F7556}") = "PersonnelManagement.WebClient", "PersonnelManagement.WebClient\PersonnelManagement.WebClient.csproj", "{04B7284C-7EA9-4A84-8CCD-70195D393942}"
EndProject
Project("{2150E333-8FDC-42A3-9474-1A3956D46DE8}") = "Shared", "Shared", "{21480CBC-B3D0-4030-842D-1901B4E9D0CC}"
EndProject
Project("{9A19103F-16F7-4668-BE54-9A1E7A4F7556}") = "PersonnelManagement.Sdk", "PersonnelManagement.Sdk\PersonnelManagement.Sdk.csproj", "{CFD61F0D-7D69-4927-8F9B-D379C816AEA7}"
EndProject
Project("{2150E333-8FDC-42A3-9474-1A3956D46DE8}") = "Client", "Client", "{0D2E9712-B7CB-4867-8A73-84E666DA7A49}"
EndProject
Project("{2150E333-8FDC-42A3-9474-1A3956D46DE8}") = "Server", "Server", "{4C49A9C5-0741-4F6B-A25D-048F3FEA225A}"
EndProject
Project("{9A19103F-16F7-4668-BE54-9A1E7A4F7556}") = "PersonnelManagement.WebClient.Infrastructure", "PersonnelManagement.WebClient.Infrastructure\PersonnelManagement.WebClient.Infrastructure.csproj", "{E6A2ADED-9E34-484B-B251-42E9DC35A17C}"
EndProject
Global
	GlobalSection(SolutionConfigurationPlatforms) = preSolution
		Debug|Any CPU = Debug|Any CPU
		Release|Any CPU = Release|Any CPU
	EndGlobalSection
	GlobalSection(ProjectConfigurationPlatforms) = postSolution
		{891EB924-5441-4A34-A4C6-748A25721A2B}.Debug|Any CPU.ActiveCfg = Debug|Any CPU
		{891EB924-5441-4A34-A4C6-748A25721A2B}.Debug|Any CPU.Build.0 = Debug|Any CPU
		{891EB924-5441-4A34-A4C6-748A25721A2B}.Release|Any CPU.ActiveCfg = Release|Any CPU
		{891EB924-5441-4A34-A4C6-748A25721A2B}.Release|Any CPU.Build.0 = Release|Any CPU
		{02A4F454-EE69-4753-9B12-4C38F4EBC9B5}.Debug|Any CPU.ActiveCfg = Debug|Any CPU
		{02A4F454-EE69-4753-9B12-4C38F4EBC9B5}.Debug|Any CPU.Build.0 = Debug|Any CPU
		{02A4F454-EE69-4753-9B12-4C38F4EBC9B5}.Release|Any CPU.ActiveCfg = Release|Any CPU
		{02A4F454-EE69-4753-9B12-4C38F4EBC9B5}.Release|Any CPU.Build.0 = Release|Any CPU
		{23B8D8AD-AEF2-405E-8193-7849C818C910}.Debug|Any CPU.ActiveCfg = Debug|Any CPU
		{23B8D8AD-AEF2-405E-8193-7849C818C910}.Debug|Any CPU.Build.0 = Debug|Any CPU
		{23B8D8AD-AEF2-405E-8193-7849C818C910}.Release|Any CPU.ActiveCfg = Release|Any CPU
		{23B8D8AD-AEF2-405E-8193-7849C818C910}.Release|Any CPU.Build.0 = Release|Any CPU
		{1B4A4D73-151A-41DC-8981-488DB106698A}.Debug|Any CPU.ActiveCfg = Debug|Any CPU
		{1B4A4D73-151A-41DC-8981-488DB106698A}.Debug|Any CPU.Build.0 = Debug|Any CPU
		{1B4A4D73-151A-41DC-8981-488DB106698A}.Release|Any CPU.ActiveCfg = Release|Any CPU
		{1B4A4D73-151A-41DC-8981-488DB106698A}.Release|Any CPU.Build.0 = Release|Any CPU
		{B34999E3-8D99-4D08-939C-3E99A5F69DBF}.Debug|Any CPU.ActiveCfg = Debug|Any CPU
		{B34999E3-8D99-4D08-939C-3E99A5F69DBF}.Debug|Any CPU.Build.0 = Debug|Any CPU
		{B34999E3-8D99-4D08-939C-3E99A5F69DBF}.Release|Any CPU.ActiveCfg = Release|Any CPU
		{B34999E3-8D99-4D08-939C-3E99A5F69DBF}.Release|Any CPU.Build.0 = Release|Any CPU
		{77800F4C-68CB-4BF9-8B20-D6ABD0A8546A}.Debug|Any CPU.ActiveCfg = Debug|Any CPU
		{77800F4C-68CB-4BF9-8B20-D6ABD0A8546A}.Debug|Any CPU.Build.0 = Debug|Any CPU
		{77800F4C-68CB-4BF9-8B20-D6ABD0A8546A}.Release|Any CPU.ActiveCfg = Release|Any CPU
		{77800F4C-68CB-4BF9-8B20-D6ABD0A8546A}.Release|Any CPU.Build.0 = Release|Any CPU
		{04B7284C-7EA9-4A84-8CCD-70195D393942}.Debug|Any CPU.ActiveCfg = Debug|Any CPU
		{04B7284C-7EA9-4A84-8CCD-70195D393942}.Debug|Any CPU.Build.0 = Debug|Any CPU
		{04B7284C-7EA9-4A84-8CCD-70195D393942}.Release|Any CPU.ActiveCfg = Release|Any CPU
		{04B7284C-7EA9-4A84-8CCD-70195D393942}.Release|Any CPU.Build.0 = Release|Any CPU
		{CFD61F0D-7D69-4927-8F9B-D379C816AEA7}.Debug|Any CPU.ActiveCfg = Debug|Any CPU
		{CFD61F0D-7D69-4927-8F9B-D379C816AEA7}.Debug|Any CPU.Build.0 = Debug|Any CPU
		{CFD61F0D-7D69-4927-8F9B-D379C816AEA7}.Release|Any CPU.ActiveCfg = Release|Any CPU
		{CFD61F0D-7D69-4927-8F9B-D379C816AEA7}.Release|Any CPU.Build.0 = Release|Any CPU
		{E6A2ADED-9E34-484B-B251-42E9DC35A17C}.Debug|Any CPU.ActiveCfg = Debug|Any CPU
		{E6A2ADED-9E34-484B-B251-42E9DC35A17C}.Debug|Any CPU.Build.0 = Debug|Any CPU
		{E6A2ADED-9E34-484B-B251-42E9DC35A17C}.Release|Any CPU.ActiveCfg = Release|Any CPU
		{E6A2ADED-9E34-484B-B251-42E9DC35A17C}.Release|Any CPU.Build.0 = Release|Any CPU
	EndGlobalSection
	GlobalSection(SolutionProperties) = preSolution
		HideSolutionNode = FALSE
	EndGlobalSection
	GlobalSection(NestedProjects) = preSolution
		{891EB924-5441-4A34-A4C6-748A25721A2B} = {9DB0530D-D1E5-49E3-9CF8-8DFAF82D941F}
		{02A4F454-EE69-4753-9B12-4C38F4EBC9B5} = {9DB0530D-D1E5-49E3-9CF8-8DFAF82D941F}
		{23B8D8AD-AEF2-405E-8193-7849C818C910} = {D7B5F152-8A77-48C1-8EEE-D146A1BCE48E}
		{1B4A4D73-151A-41DC-8981-488DB106698A} = {A6122470-0373-4793-B454-F9C095A98A35}
		{B34999E3-8D99-4D08-939C-3E99A5F69DBF} = {4C49A9C5-0741-4F6B-A25D-048F3FEA225A}
		{77800F4C-68CB-4BF9-8B20-D6ABD0A8546A} = {29A6B319-5BCB-41B7-B0D8-0C80E40E33DD}
		{29A6B319-5BCB-41B7-B0D8-0C80E40E33DD} = {33D97AB1-2BEB-4037-9FBC-19B53252B22B}
		{9DB0530D-D1E5-49E3-9CF8-8DFAF82D941F} = {33D97AB1-2BEB-4037-9FBC-19B53252B22B}
		{D7B5F152-8A77-48C1-8EEE-D146A1BCE48E} = {33D97AB1-2BEB-4037-9FBC-19B53252B22B}
		{04B7284C-7EA9-4A84-8CCD-70195D393942} = {0D2E9712-B7CB-4867-8A73-84E666DA7A49}
		{21480CBC-B3D0-4030-842D-1901B4E9D0CC} = {33D97AB1-2BEB-4037-9FBC-19B53252B22B}
		{CFD61F0D-7D69-4927-8F9B-D379C816AEA7} = {21480CBC-B3D0-4030-842D-1901B4E9D0CC}
		{0D2E9712-B7CB-4867-8A73-84E666DA7A49} = {29A6B319-5BCB-41B7-B0D8-0C80E40E33DD}
		{4C49A9C5-0741-4F6B-A25D-048F3FEA225A} = {29A6B319-5BCB-41B7-B0D8-0C80E40E33DD}
		{E6A2ADED-9E34-484B-B251-42E9DC35A17C} = {0D2E9712-B7CB-4867-8A73-84E666DA7A49}
	EndGlobalSection
	GlobalSection(ExtensibilityGlobals) = postSolution
		SolutionGuid = {D3F4E028-5C5D-447C-8CF8-EE065CD9C7AF}
	EndGlobalSection
EndGlobal
